
Microsoft Visual Studio Solution File, Format Version 12.00
# Visual Studio 15
Project("{FAE04EC0-301F-11D3-BF4B-00C04F79EFBC}") = "Assembly-CSharp", "Assembly-CSharp.csproj", "{05A61F3B-1A05-0411-2CAB-15A5D35FF54B}"
EndProject
Project("{FAE04EC0-301F-11D3-BF4B-00C04F79EFBC}") = "PhotonChat", "PhotonChat.csproj", "{E9F2522D-5FDD-9362-412C-7CC1A343993F}"
EndProject
Project("{FAE04EC0-301F-11D3-BF4B-00C04F79EFBC}") = "PhotonRealtime", "PhotonRealtime.csproj", "{A1569715-F482-C682-5F60-FC1DECA75AF6}"
EndProject
Project("{FAE04EC0-301F-11D3-BF4B-00C04F79EFBC}") = "Assembly-CSharp-firstpass", "Assembly-CSharp-firstpass.csproj", "{459FE50E-006C-92ED-291B-A834AF4EDF48}"
EndProject
Project("{FAE04EC0-301F-11D3-BF4B-00C04F79EFBC}") = "PhotonUnityNetworking.Editor", "PhotonUnityNetworking.Editor.csproj", "{D58941B1-A443-CE5D-8EF9-3B5F1B1358C3}"
EndProject
Project("{FAE04EC0-301F-11D3-BF4B-00C04F79EFBC}") = "ParrelSync", "ParrelSync.csproj", "{C8E28E3B-0647-DD65-45B4-0426E4FF3161}"
EndProject
Project("{FAE04EC0-301F-11D3-BF4B-00C04F79EFBC}") = "PhotonUnityNetworking", "PhotonUnityNetworking.csproj", "{A18A4753-7C43-B91A-B2CF-90C31811B714}"
EndProject
Project("{FAE04EC0-301F-11D3-BF4B-00C04F79EFBC}") = "LiteNetLib", "LiteNetLib.csproj", "{49744ADC-EC88-8B72-6FFF-F418F1157765}"
EndProject
Project("{FAE04EC0-301F-11D3-BF4B-00C04F79EFBC}") = "PhotonUnityNetworking.Demos", "PhotonUnityNetworking.Demos.csproj", "{65BC525B-5B81-EA11-95BA-B388DA9535B9}"
EndProject
Project("{FAE04EC0-301F-11D3-BF4B-00C04F79EFBC}") = "PhotonUnityNetworking.Utilities.PhotonPlayer.Editor", "PhotonUnityNetworking.Utilities.PhotonPlayer.Editor.csproj", "{F5998C37-404D-E809-93AA-908A0EA236D6}"
EndProject
Project("{FAE04EC0-301F-11D3-BF4B-00C04F79EFBC}") = "PhotonUnityNetworking.Utilities", "PhotonUnityNetworking.Utilities.csproj", "{9949BEEE-B60E-3479-91AE-2195A6F0D83F}"
EndProject
Project("{FAE04EC0-301F-11D3-BF4B-00C04F79EFBC}") = "Assembly-CSharp-Editor", "Assembly-CSharp-Editor.csproj", "{B59A6459-EA3D-8ABA-43C0-20EAB130986B}"
EndProject
Project("{FAE04EC0-301F-11D3-BF4B-00C04F79EFBC}") = "PunDemos.DemoHubEditor", "PunDemos.DemoHubEditor.csproj", "{980E6CCA-1012-6327-1EE0-0F7F16F7FDEE}"
EndProject
Project("{FAE04EC0-301F-11D3-BF4B-00C04F79EFBC}") = "PunDemos.DemoSlotcarEditor", "PunDemos.DemoSlotcarEditor.csproj", "{306BD67F-FE14-5166-FD28-727751D65DBE}"
EndProject
Project("{FAE04EC0-301F-11D3-BF4B-00C04F79EFBC}") = "PhotonUnityNetworking.Utilities.Culling.Editor", "PhotonUnityNetworking.Utilities.Culling.Editor.csproj", "{7E6805F3-7EF3-16D8-4FFF-866F8E2A0DF9}"
EndProject
Global
	GlobalSection(SolutionConfigurationPlatforms) = preSolution
		Debug|Any CPU = Debug|Any CPU
		Release|Any CPU = Release|Any CPU
	EndGlobalSection
	GlobalSection(ProjectConfigurationPlatforms) = postSolution
		{05A61F3B-1A05-0411-2CAB-15A5D35FF54B}.Debug|Any CPU.ActiveCfg = Debug|Any CPU
		{05A61F3B-1A05-0411-2CAB-15A5D35FF54B}.Debug|Any CPU.Build.0 = Debug|Any CPU
		{05A61F3B-1A05-0411-2CAB-15A5D35FF54B}.Release|Any CPU.ActiveCfg = Release|Any CPU
		{05A61F3B-1A05-0411-2CAB-15A5D35FF54B}.Release|Any CPU.Build.0 = Release|Any CPU
		{E9F2522D-5FDD-9362-412C-7CC1A343993F}.Debug|Any CPU.ActiveCfg = Debug|Any CPU
		{E9F2522D-5FDD-9362-412C-7CC1A343993F}.Debug|Any CPU.Build.0 = Debug|Any CPU
		{E9F2522D-5FDD-9362-412C-7CC1A343993F}.Release|Any CPU.ActiveCfg = Release|Any CPU
		{E9F2522D-5FDD-9362-412C-7CC1A343993F}.Release|Any CPU.Build.0 = Release|Any CPU
		{A1569715-F482-C682-5F60-FC1DECA75AF6}.Debug|Any CPU.ActiveCfg = Debug|Any CPU
		{A1569715-F482-C682-5F60-FC1DECA75AF6}.Debug|Any CPU.Build.0 = Debug|Any CPU
		{A1569715-F482-C682-5F60-FC1DECA75AF6}.Release|Any CPU.ActiveCfg = Release|Any CPU
		{A1569715-F482-C682-5F60-FC1DECA75AF6}.Release|Any CPU.Build.0 = Release|Any CPU
		{459FE50E-006C-92ED-291B-A834AF4EDF48}.Debug|Any CPU.ActiveCfg = Debug|Any CPU
		{459FE50E-006C-92ED-291B-A834AF4EDF48}.Debug|Any CPU.Build.0 = Debug|Any CPU
		{459FE50E-006C-92ED-291B-A834AF4EDF48}.Release|Any CPU.ActiveCfg = Release|Any CPU
		{459FE50E-006C-92ED-291B-A834AF4EDF48}.Release|Any CPU.Build.0 = Release|Any CPU
		{D58941B1-A443-CE5D-8EF9-3B5F1B1358C3}.Debug|Any CPU.ActiveCfg = Debug|Any CPU
		{D58941B1-A443-CE5D-8EF9-3B5F1B1358C3}.Debug|Any CPU.Build.0 = Debug|Any CPU
		{D58941B1-A443-CE5D-8EF9-3B5F1B1358C3}.Release|Any CPU.ActiveCfg = Release|Any CPU
		{D58941B1-A443-CE5D-8EF9-3B5F1B1358C3}.Release|Any CPU.Build.0 = Release|Any CPU
		{C8E28E3B-0647-DD65-45B4-0426E4FF3161}.Debug|Any CPU.ActiveCfg = Debug|Any CPU
		{C8E28E3B-0647-DD65-45B4-0426E4FF3161}.Debug|Any CPU.Build.0 = Debug|Any CPU
		{C8E28E3B-0647-DD65-45B4-0426E4FF3161}.Release|Any CPU.ActiveCfg = Release|Any CPU
		{C8E28E3B-0647-DD65-45B4-0426E4FF3161}.Release|Any CPU.Build.0 = Release|Any CPU
		{A18A4753-7C43-B91A-B2CF-90C31811B714}.Debug|Any CPU.ActiveCfg = Debug|Any CPU
		{A18A4753-7C43-B91A-B2CF-90C31811B714}.Debug|Any CPU.Build.0 = Debug|Any CPU
		{A18A4753-7C43-B91A-B2CF-90C31811B714}.Release|Any CPU.ActiveCfg = Release|Any CPU
		{A18A4753-7C43-B91A-B2CF-90C31811B714}.Release|Any CPU.Build.0 = Release|Any CPU
		{49744ADC-EC88-8B72-6FFF-F418F1157765}.Debug|Any CPU.ActiveCfg = Debug|Any CPU
		{49744ADC-EC88-8B72-6FFF-F418F1157765}.Debug|Any CPU.Build.0 = Debug|Any CPU
		{49744ADC-EC88-8B72-6FFF-F418F1157765}.Release|Any CPU.ActiveCfg = Release|Any CPU
		{49744ADC-EC88-8B72-6FFF-F418F1157765}.Release|Any CPU.Build.0 = Release|Any CPU
		{65BC525B-5B81-EA11-95BA-B388DA9535B9}.Debug|Any CPU.ActiveCfg = Debug|Any CPU
		{65BC525B-5B81-EA11-95BA-B388DA9535B9}.Debug|Any CPU.Build.0 = Debug|Any CPU
		{65BC525B-5B81-EA11-95BA-B388DA9535B9}.Release|Any CPU.ActiveCfg = Release|Any CPU
		{65BC525B-5B81-EA11-95BA-B388DA9535B9}.Release|Any CPU.Build.0 = Release|Any CPU
		{F5998C37-404D-E809-93AA-908A0EA236D6}.Debug|Any CPU.ActiveCfg = Debug|Any CPU
		{F5998C37-404D-E809-93AA-908A0EA236D6}.Debug|Any CPU.Build.0 = Debug|Any CPU
		{F5998C37-404D-E809-93AA-908A0EA236D6}.Release|Any CPU.ActiveCfg = Release|Any CPU
		{F5998C37-404D-E809-93AA-908A0EA236D6}.Release|Any CPU.Build.0 = Release|Any CPU
		{9949BEEE-B60E-3479-91AE-2195A6F0D83F}.Debug|Any CPU.ActiveCfg = Debug|Any CPU
		{9949BEEE-B60E-3479-91AE-2195A6F0D83F}.Debug|Any CPU.Build.0 = Debug|Any CPU
		{9949BEEE-B60E-3479-91AE-2195A6F0D83F}.Release|Any CPU.ActiveCfg = Release|Any CPU
		{9949BEEE-B60E-3479-91AE-2195A6F0D83F}.Release|Any CPU.Build.0 = Release|Any CPU
		{B59A6459-EA3D-8ABA-43C0-20EAB130986B}.Debug|Any CPU.ActiveCfg = Debug|Any CPU
		{B59A6459-EA3D-8ABA-43C0-20EAB130986B}.Debug|Any CPU.Build.0 = Debug|Any CPU
		{B59A6459-EA3D-8ABA-43C0-20EAB130986B}.Release|Any CPU.ActiveCfg = Release|Any CPU
		{B59A6459-EA3D-8ABA-43C0-20EAB130986B}.Release|Any CPU.Build.0 = Release|Any CPU
		{980E6CCA-1012-6327-1EE0-0F7F16F7FDEE}.Debug|Any CPU.ActiveCfg = Debug|Any CPU
		{980E6CCA-1012-6327-1EE0-0F7F16F7FDEE}.Debug|Any CPU.Build.0 = Debug|Any CPU
		{980E6CCA-1012-6327-1EE0-0F7F16F7FDEE}.Release|Any CPU.ActiveCfg = Release|Any CPU
		{980E6CCA-1012-6327-1EE0-0F7F16F7FDEE}.Release|Any CPU.Build.0 = Release|Any CPU
		{306BD67F-FE14-5166-FD28-727751D65DBE}.Debug|Any CPU.ActiveCfg = Debug|Any CPU
		{306BD67F-FE14-5166-FD28-727751D65DBE}.Debug|Any CPU.Build.0 = Debug|Any CPU
		{306BD67F-FE14-5166-FD28-727751D65DBE}.Release|Any CPU.ActiveCfg = Release|Any CPU
		{306BD67F-FE14-5166-FD28-727751D65DBE}.Release|Any CPU.Build.0 = Release|Any CPU
		{7E6805F3-7EF3-16D8-4FFF-866F8E2A0DF9}.Debug|Any CPU.ActiveCfg = Debug|Any CPU
		{7E6805F3-7EF3-16D8-4FFF-866F8E2A0DF9}.Debug|Any CPU.Build.0 = Debug|Any CPU
		{7E6805F3-7EF3-16D8-4FFF-866F8E2A0DF9}.Release|Any CPU.ActiveCfg = Release|Any CPU
		{7E6805F3-7EF3-16D8-4FFF-866F8E2A0DF9}.Release|Any CPU.Build.0 = Release|Any CPU
	EndGlobalSection
	GlobalSection(SolutionProperties) = preSolution
		HideSolutionNode = FALSE
	EndGlobalSection
EndGlobal
